
Microsoft Visual Studio Solution File, Format Version 12.00
# Visual Studio Version 16
VisualStudioVersion = 16.0.29728.190
MinimumVisualStudioVersion = 10.0.40219.1
Project("{FAE04EC0-301F-11D3-BF4B-00C04F79EFBC}") = "CSharpEntityFramework", "CSharpEntityFramework\CSharpEntityFramework.csproj", "{DC4F6498-07B8-4578-8442-9D11D87D2D13}"
EndProject
Project("{FAE04EC0-301F-11D3-BF4B-00C04F79EFBC}") = "CSharpEntityFramworkLibrary", "CSharpEntityFramworkLibrary\CSharpEntityFramworkLibrary.csproj", "{166F385E-A35B-4C04-AE12-275CF4B1ABB6}"
EndProject
Global
	GlobalSection(SolutionConfigurationPlatforms) = preSolution
		Debug|Any CPU = Debug|Any CPU
		Release|Any CPU = Release|Any CPU
	EndGlobalSection
	GlobalSection(ProjectConfigurationPlatforms) = postSolution
		{DC4F6498-07B8-4578-8442-9D11D87D2D13}.Debug|Any CPU.ActiveCfg = Debug|Any CPU
		{DC4F6498-07B8-4578-8442-9D11D87D2D13}.Debug|Any CPU.Build.0 = Debug|Any CPU
		{DC4F6498-07B8-4578-8442-9D11D87D2D13}.Release|Any CPU.ActiveCfg = Release|Any CPU
		{DC4F6498-07B8-4578-8442-9D11D87D2D13}.Release|Any CPU.Build.0 = Release|Any CPU
		{166F385E-A35B-4C04-AE12-275CF4B1ABB6}.Debug|Any CPU.ActiveCfg = Debug|Any CPU
		{166F385E-A35B-4C04-AE12-275CF4B1ABB6}.Debug|Any CPU.Build.0 = Debug|Any CPU
		{166F385E-A35B-4C04-AE12-275CF4B1ABB6}.Release|Any CPU.ActiveCfg = Release|Any CPU
		{166F385E-A35B-4C04-AE12-275CF4B1ABB6}.Release|Any CPU.Build.0 = Release|Any CPU
	EndGlobalSection
	GlobalSection(SolutionProperties) = preSolution
		HideSolutionNode = FALSE
	EndGlobalSection
	GlobalSection(ExtensibilityGlobals) = postSolution
		SolutionGuid = {96C95E2E-D3F1-4BB6-B037-92631A6E9FA5}
	EndGlobalSection
EndGlobal
